
Microsoft Visual Studio Solution File, Format Version 11.00
# Visual Studio 2010
Project("{F14B399A-7131-4C87-9E4B-1186C45EF12D}") = "source_ram1", "source_ram1\source_ram1.rptproj", "{D33D9385-DCD0-48E7-AFA4-EC3597264A01}"
EndProject
Global
	GlobalSection(SolutionConfigurationPlatforms) = preSolution
		Debug|Default = Debug|Default
		DebugLocal|Default = DebugLocal|Default
		Release|Default = Release|Default
	EndGlobalSection
	GlobalSection(ProjectConfigurationPlatforms) = postSolution
		{D33D9385-DCD0-48E7-AFA4-EC3597264A01}.Debug|Default.ActiveCfg = Debug
		{D33D9385-DCD0-48E7-AFA4-EC3597264A01}.Debug|Default.Build.0 = DebugLocal
		{D33D9385-DCD0-48E7-AFA4-EC3597264A01}.Debug|Default.Deploy.0 = DebugLocal
		{D33D9385-DCD0-48E7-AFA4-EC3597264A01}.DebugLocal|Default.ActiveCfg = DebugLocal
		{D33D9385-DCD0-48E7-AFA4-EC3597264A01}.DebugLocal|Default.Build.0 = DebugLocal
		{D33D9385-DCD0-48E7-AFA4-EC3597264A01}.Release|Default.ActiveCfg = Release
		{D33D9385-DCD0-48E7-AFA4-EC3597264A01}.Release|Default.Build.0 = Release
		{D33D9385-DCD0-48E7-AFA4-EC3597264A01}.Release|Default.Deploy.0 = Release
	EndGlobalSection
	GlobalSection(SolutionProperties) = preSolution
		HideSolutionNode = FALSE
	EndGlobalSection
EndGlobal
